// !$*UTF8*$!
{
	archiveVersion = 1;
	classes = {
	};
	objectVersion = 77;
	objects = {

/* Begin PBXBuildFile section */
		FB559342305C12A200560A0F /* AppDelegate.swift in Sources */ = {isa = PBXBuildFile; fileRef = FB559341305C12A200560A0F /* AppDelegate.swift */; };
		FB559344305C12A200560A0F /* SceneDelegate.swift in Sources */ = {isa = PBXBuildFile; fileRef = FB559343305C12A200560A0F /* SceneDelegate.swift */; };
		FB559347305C12A200560A0F /* LaunchScreen.storyboard in Resources */ = {isa = PBXBuildFile; fileRef = FB559345305C12A200560A0F /* LaunchScreen.storyboard */; };
		FB55934A305C12A200560A0F /* Main.storyboard in Resources */ = {isa = PBXBuildFile; fileRef = FB559348305C12A200560A0F /* Main.storyboard */; };
		FB559353305C12A200560A0F /* AppDelegate.swift in Sources */ = {isa = PBXBuildFile; fileRef = FB559352305C12A200560A0F /* AppDelegate.swift */; };
		FB559356305C12A200560A0F /* Main.storyboard in Resources */ = {isa = PBXBuildFile; fileRef = FB559354305C12A200560A0F /* Main.storyboard */; };
		FB55935D305C12A200560A0F /* Sardiya Extension.appex in Embed Foundation Extensions */ = {isa = PBXBuildFile; fileRef = FB55935C305C12A200560A0F /* Sardiya Extension.appex */; settings = {ATTRIBUTES = (RemoveHeadersOnCopy, ); }; };
		FB559367305C12A200560A0F /* Sardiya Extension.appex in Embed Foundation Extensions */ = {isa = PBXBuildFile; fileRef = FB559366305C12A200560A0F /* Sardiya Extension.appex */; settings = {ATTRIBUTES = (RemoveHeadersOnCopy, ); }; };
		FB55936C305C12A200560A0F /* Main.html in Resources */ = {isa = PBXBuildFile; fileRef = FB559333305C12A100560A0F /* Main.html */; };
		FB55936D305C12A200560A0F /* Main.html in Resources */ = {isa = PBXBuildFile; fileRef = FB559333305C12A100560A0F /* Main.html */; };
		FB55936E305C12A200560A0F /* Style.css in Resources */ = {isa = PBXBuildFile; fileRef = FB559335305C12A100560A0F /* Style.css */; };
		FB55936F305C12A200560A0F /* Style.css in Resources */ = {isa = PBXBuildFile; fileRef = FB559335305C12A100560A0F /* Style.css */; };
		FB559370305C12A200560A0F /* Script.js in Resources */ = {isa = PBXBuildFile; fileRef = FB559336305C12A100560A0F /* Script.js */; };
		FB559371305C12A200560A0F /* Script.js in Resources */ = {isa = PBXBuildFile; fileRef = FB559336305C12A100560A0F /* Script.js */; };
		FB559372305C12A200560A0F /* ViewController.swift in Sources */ = {isa = PBXBuildFile; fileRef = FB559337305C12A100560A0F /* ViewController.swift */; };
		FB559373305C12A200560A0F /* ViewController.swift in Sources */ = {isa = PBXBuildFile; fileRef = FB559337305C12A100560A0F /* ViewController.swift */; };
		FB559374305C12A200560A0F /* SafariWebExtensionHandler.swift in Sources */ = {isa = PBXBuildFile; fileRef = FB559339305C12A200560A0F /* SafariWebExtensionHandler.swift */; };
		FB559375305C12A200560A0F /* SafariWebExtensionHandler.swift in Sources */ = {isa = PBXBuildFile; fileRef = FB559339305C12A200560A0F /* SafariWebExtensionHandler.swift */; };
/* End PBXBuildFile section */

/* Begin PBXContainerItemProxy section */
		FB55935E305C12A200560A0F /* PBXContainerItemProxy */ = {
			isa = PBXContainerItemProxy;
			containerPortal = FB55932D305C12A100560A0F /* Project object */;
			proxyType = 1;
			remoteGlobalIDString = FB55935B305C12A200560A0F;
			remoteInfo = "Sardiya Extension (iOS)";
		};
		FB559368305C12A200560A0F /* PBXContainerItemProxy */ = {
			isa = PBXContainerItemProxy;
			containerPortal = FB55932D305C12A100560A0F /* Project object */;
			proxyType = 1;
			remoteGlobalIDString = FB559365305C12A200560A0F;
			remoteInfo = "Sardiya Extension (macOS)";
		};
/* End PBXContainerItemProxy section */

/* Begin PBXCopyFilesBuildPhase section */
		FB55937B305C12A200560A0F /* Embed Foundation Extensions */ = {
			isa = PBXCopyFilesBuildPhase;
			buildActionMask = 2147483647;
			dstPath = "";
			dstSubfolderSpec = 13;
			files = (
				FB55935D305C12A200560A0F /* Sardiya Extension.appex in Embed Foundation Extensions */,
			);
			name = "Embed Foundation Extensions";
			runOnlyForDeploymentPostprocessing = 0;
		};
		FB559382305C12A200560A0F /* Embed Foundation Extensions */ = {
			isa = PBXCopyFilesBuildPhase;
			buildActionMask = 2147483647;
			dstPath = "";
			dstSubfolderSpec = 13;
			files = (
				FB559367305C12A200560A0F /* Sardiya Extension.appex in Embed Foundation Extensions */,
			);
			name = "Embed Foundation Extensions";
			runOnlyForDeploymentPostprocessing = 0;
		};
/* End PBXCopyFilesBuildPhase section */

/* Begin PBXFileReference section */
		FB559334305C12A100560A0F /* Base */ = {isa = PBXFileReference; lastKnownFileType = text.html; name = Base; path = Base.lproj/Main.html; sourceTree = "<group>"; };
		FB559335305C12A100560A0F /* Style.css */ = {isa = PBXFileReference; lastKnownFileType = text.css; path = Style.css; sourceTree = "<group>"; };
		FB559336305C12A100560A0F /* Script.js */ = {isa = PBXFileReference; lastKnownFileType = sourcecode.javascript; path = Script.js; sourceTree = "<group>"; };
		FB559337305C12A100560A0F /* ViewController.swift */ = {isa = PBXFileReference; lastKnownFileType = sourcecode.swift; path = ViewController.swift; sourceTree = "<group>"; };
		FB559339305C12A200560A0F /* SafariWebExtensionHandler.swift */ = {isa = PBXFileReference; lastKnownFileType = sourcecode.swift; path = SafariWebExtensionHandler.swift; sourceTree = "<group>"; };
		FB55933E305C12A200560A0F /* Sardiya.app */ = {isa = PBXFileReference; explicitFileType = wrapper.application; includeInIndex = 0; path = Sardiya.app; sourceTree = BUILT_PRODUCTS_DIR; };
		FB559341305C12A200560A0F /* AppDelegate.swift */ = {isa = PBXFileReference; lastKnownFileType = sourcecode.swift; path = AppDelegate.swift; sourceTree = "<group>"; };
		FB559343305C12A200560A0F /* SceneDelegate.swift */ = {isa = PBXFileReference; lastKnownFileType = sourcecode.swift; path = SceneDelegate.swift; sourceTree = "<group>"; };
		FB559346305C12A200560A0F /* Base */ = {isa = PBXFileReference; lastKnownFileType = file.storyboard; name = Base; path = Base.lproj/LaunchScreen.storyboard; sourceTree = "<group>"; };
		FB559349305C12A200560A0F /* Base */ = {isa = PBXFileReference; lastKnownFileType = file.storyboard; name = Base; path = Base.lproj/Main.storyboard; sourceTree = "<group>"; };
		FB55934B305C12A200560A0F /* Info.plist */ = {isa = PBXFileReference; lastKnownFileType = text.plist.xml; path = Info.plist; sourceTree = "<group>"; };
		FB559350305C12A200560A0F /* Sardiya.app */ = {isa = PBXFileReference; explicitFileType = wrapper.application; includeInIndex = 0; path = Sardiya.app; sourceTree = BUILT_PRODUCTS_DIR; };
		FB559352305C12A200560A0F /* AppDelegate.swift */ = {isa = PBXFileReference; lastKnownFileType = sourcecode.swift; path = AppDelegate.swift; sourceTree = "<group>"; };
		FB559355305C12A200560A0F /* Base */ = {isa = PBXFileReference; lastKnownFileType = file.storyboard; name = Base; path = Base.lproj/Main.storyboard; sourceTree = "<group>"; };
		FB559357305C12A200560A0F /* Info.plist */ = {isa = PBXFileReference; lastKnownFileType = text.plist.xml; path = Info.plist; sourceTree = "<group>"; };
		FB55935C305C12A200560A0F /* Sardiya Extension.appex */ = {isa = PBXFileReference; explicitFileType = "wrapper.app-extension"; includeInIndex = 0; path = "Sardiya Extension.appex"; sourceTree = BUILT_PRODUCTS_DIR; };
		FB559361305C12A200560A0F /* Info.plist */ = {isa = PBXFileReference; lastKnownFileType = text.plist.xml; path = Info.plist; sourceTree = "<group>"; };
		FB559366305C12A200560A0F /* Sardiya Extension.appex */ = {isa = PBXFileReference; explicitFileType = "wrapper.app-extension"; includeInIndex = 0; path = "Sardiya Extension.appex"; sourceTree = BUILT_PRODUCTS_DIR; };
		FB55936B305C12A200560A0F /* Info.plist */ = {isa = PBXFileReference; lastKnownFileType = text.plist.xml; path = Info.plist; sourceTree = "<group>"; };
/* End PBXFileReference section */

/* Begin PBXFrameworksBuildPhase section */
		FB55933B305C12A200560A0F /* Frameworks */ = {
			isa = PBXFrameworksBuildPhase;
			buildActionMask = 2147483647;
			files = (
			);
			runOnlyForDeploymentPostprocessing = 0;
		};
		FB55934D305C12A200560A0F /* Frameworks */ = {
			isa = PBXFrameworksBuildPhase;
			buildActionMask = 2147483647;
			files = (
			);
			runOnlyForDeploymentPostprocessing = 0;
		};
		FB559359305C12A200560A0F /* Frameworks */ = {
			isa = PBXFrameworksBuildPhase;
			buildActionMask = 2147483647;
			files = (
			);
			runOnlyForDeploymentPostprocessing = 0;
		};
		FB559363305C12A200560A0F /* Frameworks */ = {
			isa = PBXFrameworksBuildPhase;
			buildActionMask = 2147483647;
			files = (
			);
			runOnlyForDeploymentPostprocessing = 0;
		};
/* End PBXFrameworksBuildPhase section */

/* Begin PBXGroup section */
		FB55932C305C12A100560A0F = {
			isa = PBXGroup;
			children = (
				FB559331305C12A100560A0F /* Shared (App) */,
				FB559338305C12A200560A0F /* Shared (Extension) */,
				FB559340305C12A200560A0F /* iOS (App) */,
				FB559351305C12A200560A0F /* macOS (App) */,
				FB559360305C12A200560A0F /* iOS (Extension) */,
				FB55936A305C12A200560A0F /* macOS (Extension) */,
				FB55933F305C12A200560A0F /* Products */,
			);
			sourceTree = "<group>";
		};
		FB559331305C12A100560A0F /* Shared (App) */ = {
			isa = PBXGroup;
			children = (
				FB559337305C12A100560A0F /* ViewController.swift */,
				FB559332305C12A100560A0F /* Resources */,
			);
			path = "Shared (App)";
			sourceTree = "<group>";
		};
		FB559332305C12A100560A0F /* Resources */ = {
			isa = PBXGroup;
			children = (
				FB559333305C12A100560A0F /* Main.html */,
				FB559335305C12A100560A0F /* Style.css */,
				FB559336305C12A100560A0F /* Script.js */,
			);
			path = Resources;
			sourceTree = "<group>";
		};
		FB559338305C12A200560A0F /* Shared (Extension) */ = {
			isa = PBXGroup;
			children = (
				FB559386305C12A300560A0F /* Resources */,
				FB559339305C12A200560A0F /* SafariWebExtensionHandler.swift */,
			);
			path = "Shared (Extension)";
			sourceTree = "<group>";
		};
		FB55933F305C12A200560A0F /* Products */ = {
			isa = PBXGroup;
			children = (
				FB55933E305C12A200560A0F /* Sardiya.app */,
				FB559350305C12A200560A0F /* Sardiya.app */,
				FB55935C305C12A200560A0F /* Sardiya Extension.appex */,
				FB559366305C12A200560A0F /* Sardiya Extension.appex */,
			);
			name = Products;
			sourceTree = "<group>";
		};
		FB559340305C12A200560A0F /* iOS (App) */ = {
			isa = PBXGroup;
			children = (
				FB559341305C12A200560A0F /* AppDelegate.swift */,
				FB559343305C12A200560A0F /* SceneDelegate.swift */,
				FB559345305C12A200560A0F /* LaunchScreen.storyboard */,
				FB559348305C12A200560A0F /* Main.storyboard */,
				FB55934B305C12A200560A0F /* Info.plist */,
			);
			path = "iOS (App)";
			sourceTree = "<group>";
		};
		FB559351305C12A200560A0F /* macOS (App) */ = {
			isa = PBXGroup;
			children = (
				FB559352305C12A200560A0F /* AppDelegate.swift */,
				FB559354305C12A200560A0F /* Main.storyboard */,
				FB559357305C12A200560A0F /* Info.plist */,
			);
			path = "macOS (App)";
			sourceTree = "<group>";
		};
		FB559360305C12A200560A0F /* iOS (Extension) */ = {
			isa = PBXGroup;
			children = (
				FB559361305C12A200560A0F /* Info.plist */,
			);
			path = "iOS (Extension)";
			sourceTree = "<group>";
		};
		FB55936A305C12A200560A0F /* macOS (Extension) */ = {
			isa = PBXGroup;
			children = (
				FB55936B305C12A200560A0F /* Info.plist */,
			);
			path = "macOS (Extension)";
			sourceTree = "<group>";
		};
		FB559386305C12A300560A0F /* Resources */ = {
			isa = PBXGroup;
			children = (
			);
			name = Resources;
			path = "Shared (Extension)";
			sourceTree = SOURCE_ROOT;
		};
/* End PBXGroup section */

/* Begin PBXNativeTarget section */
		FB55933D305C12A200560A0F /* Sardiya (iOS) */ = {
			isa = PBXNativeTarget;
			buildConfigurationList = FB55937C305C12A200560A0F /* Build configuration list for PBXNativeTarget "Sardiya (iOS)" */;
			buildPhases = (
				FB55933A305C12A200560A0F /* Sources */,
				FB55933B305C12A200560A0F /* Frameworks */,
				FB55933C305C12A200560A0F /* Resources */,
				FB55937B305C12A200560A0F /* Embed Foundation Extensions */,
			);
			buildRules = (
			);
			dependencies = (
				FB55935F305C12A200560A0F /* PBXTargetDependency */,
			);
			name = "Sardiya (iOS)";
			packageProductDependencies = (
			);
			productName = "Sardiya (iOS)";
			productReference = FB55933E305C12A200560A0F /* Sardiya.app */;
			productType = "com.apple.product-type.application";
		};
		FB55934F305C12A200560A0F /* Sardiya (macOS) */ = {
			isa = PBXNativeTarget;
			buildConfigurationList = FB559383305C12A200560A0F /* Build configuration list for PBXNativeTarget "Sardiya (macOS)" */;
			buildPhases = (
				FB55934C305C12A200560A0F /* Sources */,
				FB55934D305C12A200560A0F /* Frameworks */,
				FB55934E305C12A200560A0F /* Resources */,
				FB559382305C12A200560A0F /* Embed Foundation Extensions */,
			);
			buildRules = (
			);
			dependencies = (
				FB559369305C12A200560A0F /* PBXTargetDependency */,
			);
			name = "Sardiya (macOS)";
			packageProductDependencies = (
			);
			productName = "Sardiya (macOS)";
			productReference = FB559350305C12A200560A0F /* Sardiya.app */;
			productType = "com.apple.product-type.application";
		};
		FB55935B305C12A200560A0F /* Sardiya Extension (iOS) */ = {
			isa = PBXNativeTarget;
			buildConfigurationList = FB559378305C12A200560A0F /* Build configuration list for PBXNativeTarget "Sardiya Extension (iOS)" */;
			buildPhases = (
				FB559358305C12A200560A0F /* Sources */,
				FB559359305C12A200560A0F /* Frameworks */,
				FB55935A305C12A200560A0F /* Resources */,
			);
			buildRules = (
			);
			dependencies = (
			);
			name = "Sardiya Extension (iOS)";
			packageProductDependencies = (
			);
			productName = "Sardiya Extension (iOS)";
			productReference = FB55935C305C12A200560A0F /* Sardiya Extension.appex */;
			productType = "com.apple.product-type.app-extension";
		};
		FB559365305C12A200560A0F /* Sardiya Extension (macOS) */ = {
			isa = PBXNativeTarget;
			buildConfigurationList = FB55937F305C12A200560A0F /* Build configuration list for PBXNativeTarget "Sardiya Extension (macOS)" */;
			buildPhases = (
				FB559362305C12A200560A0F /* Sources */,
				FB559363305C12A200560A0F /* Frameworks */,
				FB559364305C12A200560A0F /* Resources */,
			);
			buildRules = (
			);
			dependencies = (
			);
			name = "Sardiya Extension (macOS)";
			packageProductDependencies = (
			);
			productName = "Sardiya Extension (macOS)";
			productReference = FB559366305C12A200560A0F /* Sardiya Extension.appex */;
			productType = "com.apple.product-type.app-extension";
		};
/* End PBXNativeTarget section */

/* Begin PBXProject section */
		FB55932D305C12A100560A0F /* Project object */ = {
			isa = PBXProject;
			attributes = {
				BuildIndependentTargetsInParallel = 1;
				LastSwiftUpdateCheck = 2620;
				LastUpgradeCheck = 2620;
				TargetAttributes = {
					FB55933D305C12A200560A0F = {
						CreatedOnToolsVersion = 26.2;
					};
					FB55934F305C12A200560A0F = {
						CreatedOnToolsVersion = 26.2;
					};
					FB55935B305C12A200560A0F = {
						CreatedOnToolsVersion = 26.2;
					};
					FB559365305C12A200560A0F = {
						CreatedOnToolsVersion = 26.2;
					};
				};
			};
			buildConfigurationList = FB559330305C12A100560A0F /* Build configuration list for PBXProject "Sardiya" */;
			developmentRegion = en;
			hasScannedForEncodings = 0;
			knownRegions = (
				en,
				Base,
			);
			mainGroup = FB55932C305C12A100560A0F;
			minimizedProjectReferenceProxies = 1;
			preferredProjectObjectVersion = 77;
			productRefGroup = FB55933F305C12A200560A0F /* Products */;
			projectDirPath = "";
			projectRoot = "";
			targets = (
				FB55933D305C12A200560A0F /* Sardiya (iOS) */,
				FB55934F305C12A200560A0F /* Sardiya (macOS) */,
				FB55935B305C12A200560A0F /* Sardiya Extension (iOS) */,
				FB559365305C12A200560A0F /* Sardiya Extension (macOS) */,
			);
		};
/* End PBXProject section */

/* Begin PBXResourcesBuildPhase section */
		FB55933C305C12A200560A0F /* Resources */ = {
			isa = PBXResourcesBuildPhase;
			buildActionMask = 2147483647;
			files = (
				FB559347305C12A200560A0F /* LaunchScreen.storyboard in Resources */,
				FB55936E305C12A200560A0F /* Style.css in Resources */,
				FB55936C305C12A200560A0F /* Main.html in Resources */,
				FB559370305C12A200560A0F /* Script.js in Resources */,
				FB55934A305C12A200560A0F /* Main.storyboard in Resources */,
			);
			runOnlyForDeploymentPostprocessing = 0;
		};
		FB55934E305C12A200560A0F /* Resources */ = {
			isa = PBXResourcesBuildPhase;
			buildActionMask = 2147483647;
			files = (
				FB559356305C12A200560A0F /* Main.storyboard in Resources */,
				FB559371305C12A200560A0F /* Script.js in Resources */,
				FB55936D305C12A200560A0F /* Main.html in Resources */,
				FB55936F305C12A200560A0F /* Style.css in Resources */,
			);
			runOnlyForDeploymentPostprocessing = 0;
		};
		FB55935A305C12A200560A0F /* Resources */ = {
			isa = PBXResourcesBuildPhase;
			buildActionMask = 2147483647;
			files = (
			);
			runOnlyForDeploymentPostprocessing = 0;
		};
		FB559364305C12A200560A0F /* Resources */ = {
			isa = PBXResourcesBuildPhase;
			buildActionMask = 2147483647;
			files = (
			);
			runOnlyForDeploymentPostprocessing = 0;
		};
/* End PBXResourcesBuildPhase section */

/* Begin PBXSourcesBuildPhase section */
		FB55933A305C12A200560A0F /* Sources */ = {
			isa = PBXSourcesBuildPhase;
			buildActionMask = 2147483647;
			files = (
				FB559372305C12A200560A0F /* ViewController.swift in Sources */,
				FB559342305C12A200560A0F /* AppDelegate.swift in Sources */,
				FB559344305C12A200560A0F /* SceneDelegate.swift in Sources */,
			);
			runOnlyForDeploymentPostprocessing = 0;
		};
		FB55934C305C12A200560A0F /* Sources */ = {
			isa = PBXSourcesBuildPhase;
			buildActionMask = 2147483647;
			files = (
				FB559373305C12A200560A0F /* ViewController.swift in Sources */,
				FB559353305C12A200560A0F /* AppDelegate.swift in Sources */,
			);
			runOnlyForDeploymentPostprocessing = 0;
		};
		FB559358305C12A200560A0F /* Sources */ = {
			isa = PBXSourcesBuildPhase;
			buildActionMask = 2147483647;
			files = (
				FB559374305C12A200560A0F /* SafariWebExtensionHandler.swift in Sources */,
			);
			runOnlyForDeploymentPostprocessing = 0;
		};
		FB559362305C12A200560A0F /* Sources */ = {
			isa = PBXSourcesBuildPhase;
			buildActionMask = 2147483647;
			files = (
				FB559375305C12A200560A0F /* SafariWebExtensionHandler.swift in Sources */,
			);
			runOnlyForDeploymentPostprocessing = 0;
		};
/* End PBXSourcesBuildPhase section */

/* Begin PBXTargetDependency section */
		FB55935F305C12A200560A0F /* PBXTargetDependency */ = {
			isa = PBXTargetDependency;
			target = FB55935B305C12A200560A0F /* Sardiya Extension (iOS) */;
			targetProxy = FB55935E305C12A200560A0F /* PBXContainerItemProxy */;
		};
		FB559369305C12A200560A0F /* PBXTargetDependency */ = {
			isa = PBXTargetDependency;
			target = FB559365305C12A200560A0F /* Sardiya Extension (macOS) */;
			targetProxy = FB559368305C12A200560A0F /* PBXContainerItemProxy */;
		};
/* End PBXTargetDependency section */

/* Begin PBXVariantGroup section */
		FB559333305C12A100560A0F /* Main.html */ = {
			isa = PBXVariantGroup;
			children = (
				FB559334305C12A100560A0F /* Base */,
			);
			name = Main.html;
			sourceTree = "<group>";
		};
		FB559345305C12A200560A0F /* LaunchScreen.storyboard */ = {
			isa = PBXVariantGroup;
			children = (
				FB559346305C12A200560A0F /* Base */,
			);
			name = LaunchScreen.storyboard;
			sourceTree = "<group>";
		};
		FB559348305C12A200560A0F /* Main.storyboard */ = {
			isa = PBXVariantGroup;
			children = (
				FB559349305C12A200560A0F /* Base */,
			);
			name = Main.storyboard;
			sourceTree = "<group>";
		};
		FB559354305C12A200560A0F /* Main.storyboard */ = {
			isa = PBXVariantGroup;
			children = (
				FB559355305C12A200560A0F /* Base */,
			);
			name = Main.storyboard;
			sourceTree = "<group>";
		};
/* End PBXVariantGroup section */

/* Begin XCBuildConfiguration section */
		FB559376305C12A200560A0F /* Debug */ = {
			isa = XCBuildConfiguration;
			buildSettings = {
				ALWAYS_SEARCH_USER_PATHS = NO;
				ASSETCATALOG_COMPILER_GENERATE_SWIFT_ASSET_SYMBOL_EXTENSIONS = YES;
				CLANG_ANALYZER_NONNULL = YES;
				CLANG_ANALYZER_NUMBER_OBJECT_CONVERSION = YES_AGGRESSIVE;
				CLANG_CXX_LANGUAGE_STANDARD = "gnu++20";
				CLANG_ENABLE_MODULES = YES;
				CLANG_ENABLE_OBJC_ARC = YES;
				CLANG_ENABLE_OBJC_WEAK = YES;
				CLANG_WARN_BLOCK_CAPTURE_AUTORELEASING = YES;
				CLANG_WARN_BOOL_CONVERSION = YES;
				CLANG_WARN_COMMA = YES;
				CLANG_WARN_CONSTANT_CONVERSION = YES;
				CLANG_WARN_DEPRECATED_OBJC_IMPLEMENTATIONS = YES;
				CLANG_WARN_DIRECT_OBJC_ISA_USAGE = YES_ERROR;
				CLANG_WARN_DOCUMENTATION_COMMENTS = YES;
				CLANG_WARN_EMPTY_BODY = YES;
				CLANG_WARN_ENUM_CONVERSION = YES;
				CLANG_WARN_INFINITE_RECURSION = YES;
				CLANG_WARN_INT_CONVERSION = YES;
				CLANG_WARN_NON_LITERAL_NULL_CONVERSION = YES;
				CLANG_WARN_OBJC_IMPLICIT_RETAIN_SELF = YES;
				CLANG_WARN_OBJC_LITERAL_CONVERSION = YES;
				CLANG_WARN_OBJC_ROOT_CLASS = YES_ERROR;
				CLANG_WARN_QUOTED_INCLUDE_IN_FRAMEWORK_HEADER = YES;
				CLANG_WARN_RANGE_LOOP_ANALYSIS = YES;
				CLANG_WARN_STRICT_PROTOTYPES = YES;
				CLANG_WARN_SUSPICIOUS_MOVE = YES;
				CLANG_WARN_UNGUARDED_AVAILABILITY = YES_AGGRESSIVE;
				CLANG_WARN_UNREACHABLE_CODE = YES;
				CLANG_WARN__DUPLICATE_METHOD_MATCH = YES;
				COPY_PHASE_STRIP = NO;
				DEBUG_INFORMATION_FORMAT = dwarf;
				ENABLE_STRICT_OBJC_MSGSEND = YES;
				ENABLE_TESTABILITY = YES;
				ENABLE_USER_SCRIPT_SANDBOXING = YES;
				GCC_C_LANGUAGE_STANDARD = gnu17;
				GCC_DYNAMIC_NO_PIC = NO;
				GCC_NO_COMMON_BLOCKS = YES;
				GCC_OPTIMIZATION_LEVEL = 0;
				GCC_PREPROCESSOR_DEFINITIONS = (
					"DEBUG=1",
					"$(inherited)",
				);
				GCC_WARN_64_TO_32_BIT_CONVERSION = YES;
				GCC_WARN_ABOUT_RETURN_TYPE = YES_ERROR;
				GCC_WARN_UNDECLARED_SELECTOR = YES;
				GCC_WARN_UNINITIALIZED_AUTOS = YES_AGGRESSIVE;
				GCC_WARN_UNUSED_FUNCTION = YES;
				GCC_WARN_UNUSED_VARIABLE = YES;
				LOCALIZATION_PREFERS_STRING_CATALOGS = YES;
				MTL_ENABLE_DEBUG_INFO = INCLUDE_SOURCE;
				MTL_FAST_MATH = YES;
				ONLY_ACTIVE_ARCH = YES;
				SWIFT_ACTIVE_COMPILATION_CONDITIONS = "DEBUG $(inherited)";
				SWIFT_OPTIMIZATION_LEVEL = "-Onone";
			};
			name = Debug;
		};
		FB559377305C12A200560A0F /* Release */ = {
			isa = XCBuildConfiguration;
			buildSettings = {
				ALWAYS_SEARCH_USER_PATHS = NO;
				ASSETCATALOG_COMPILER_GENERATE_SWIFT_ASSET_SYMBOL_EXTENSIONS = YES;
				CLANG_ANALYZER_NONNULL = YES;
				CLANG_ANALYZER_NUMBER_OBJECT_CONVERSION = YES_AGGRESSIVE;
				CLANG_CXX_LANGUAGE_STANDARD = "gnu++20";
				CLANG_ENABLE_MODULES = YES;
				CLANG_ENABLE_OBJC_ARC = YES;
				CLANG_ENABLE_OBJC_WEAK = YES;
				CLANG_WARN_BLOCK_CAPTURE_AUTORELEASING = YES;
				CLANG_WARN_BOOL_CONVERSION = YES;
				CLANG_WARN_COMMA = YES;
				CLANG_WARN_CONSTANT_CONVERSION = YES;
				CLANG_WARN_DEPRECATED_OBJC_IMPLEMENTATIONS = YES;
				CLANG_WARN_DIRECT_OBJC_ISA_USAGE = YES_ERROR;
				CLANG_WARN_DOCUMENTATION_COMMENTS = YES;
				CLANG_WARN_EMPTY_BODY = YES;
				CLANG_WARN_ENUM_CONVERSION = YES;
				CLANG_WARN_INFINITE_RECURSION = YES;
				CLANG_WARN_INT_CONVERSION = YES;
				CLANG_WARN_NON_LITERAL_NULL_CONVERSION = YES;
				CLANG_WARN_OBJC_IMPLICIT_RETAIN_SELF = YES;
				CLANG_WARN_OBJC_LITERAL_CONVERSION = YES;
				CLANG_WARN_OBJC_ROOT_CLASS = YES_ERROR;
				CLANG_WARN_QUOTED_INCLUDE_IN_FRAMEWORK_HEADER = YES;
				CLANG_WARN_RANGE_LOOP_ANALYSIS = YES;
				CLANG_WARN_STRICT_PROTOTYPES = YES;
				CLANG_WARN_SUSPICIOUS_MOVE = YES;
				CLANG_WARN_UNGUARDED_AVAILABILITY = YES_AGGRESSIVE;
				CLANG_WARN_UNREACHABLE_CODE = YES;
				CLANG_WARN__DUPLICATE_METHOD_MATCH = YES;
				COPY_PHASE_STRIP = NO;
				DEBUG_INFORMATION_FORMAT = "dwarf-with-dsym";
				ENABLE_NS_ASSERTIONS = NO;
				ENABLE_STRICT_OBJC_MSGSEND = YES;
				ENABLE_USER_SCRIPT_SANDBOXING = YES;
				GCC_C_LANGUAGE_STANDARD = gnu17;
				GCC_NO_COMMON_BLOCKS = YES;
				GCC_WARN_64_TO_32_BIT_CONVERSION = YES;
				GCC_WARN_ABOUT_RETURN_TYPE = YES_ERROR;
				GCC_WARN_UNDECLARED_SELECTOR = YES;
				GCC_WARN_UNINITIALIZED_AUTOS = YES_AGGRESSIVE;
				GCC_WARN_UNUSED_FUNCTION = YES;
				GCC_WARN_UNUSED_VARIABLE = YES;
				LOCALIZATION_PREFERS_STRING_CATALOGS = YES;
				MTL_ENABLE_DEBUG_INFO = NO;
				MTL_FAST_MATH = YES;
				SWIFT_COMPILATION_MODE = wholemodule;
			};
			name = Release;
		};
		FB559379305C12A200560A0F /* Debug */ = {
			isa = XCBuildConfiguration;
			buildSettings = {
				CODE_SIGN_STYLE = Automatic;
				DEVELOPMENT_TEAM = 4LCWA596X7;
				CURRENT_PROJECT_VERSION = 202609171220;
				GENERATE_INFOPLIST_FILE = YES;
				INFOPLIST_FILE = "iOS (Extension)/Info.plist";
				INFOPLIST_KEY_CFBundleDisplayName = "Sardiya Extension";
				INFOPLIST_KEY_NSHumanReadableCopyright = "";
				IPHONEOS_DEPLOYMENT_TARGET = 15.0;
				LD_RUNPATH_SEARCH_PATHS = (
					"$(inherited)",
					"@executable_path/Frameworks",
					"@executable_path/../../Frameworks",
				);
				MARKETING_VERSION = 1.2.0;
				OTHER_LDFLAGS = (
					"-framework",
					SafariServices,
				);
				PRODUCT_BUNDLE_IDENTIFIER = com.elmokhtbr.sardiya.Extension;
				PRODUCT_NAME = "Sardiya Extension";
				SDKROOT = iphoneos;
				SKIP_INSTALL = YES;
				STRING_CATALOG_GENERATE_SYMBOLS = YES;
				SWIFT_APPROACHABLE_CONCURRENCY = YES;
				SWIFT_EMIT_LOC_STRINGS = YES;
				SWIFT_UPCOMING_FEATURE_MEMBER_IMPORT_VISIBILITY = YES;
				SWIFT_VERSION = 5.0;
				TARGETED_DEVICE_FAMILY = "1,2";
			};
			name = Debug;
		};
		FB55937A305C12A200560A0F /* Release */ = {
			isa = XCBuildConfiguration;
			buildSettings = {
				CODE_SIGN_STYLE = Automatic;
				DEVELOPMENT_TEAM = 4LCWA596X7;
				CURRENT_PROJECT_VERSION = 202609171220;
				GENERATE_INFOPLIST_FILE = YES;
				INFOPLIST_FILE = "iOS (Extension)/Info.plist";
				INFOPLIST_KEY_CFBundleDisplayName = "Sardiya Extension";
				INFOPLIST_KEY_NSHumanReadableCopyright = "";
				IPHONEOS_DEPLOYMENT_TARGET = 15.0;
				LD_RUNPATH_SEARCH_PATHS = (
					"$(inherited)",
					"@executable_path/Frameworks",
					"@executable_path/../../Frameworks",
				);
				MARKETING_VERSION = 1.2.0;
				OTHER_LDFLAGS = (
					"-framework",
					SafariServices,
				);
				PRODUCT_BUNDLE_IDENTIFIER = com.elmokhtbr.sardiya.Extension;
				PRODUCT_NAME = "Sardiya Extension";
				SDKROOT = iphoneos;
				SKIP_INSTALL = YES;
				STRING_CATALOG_GENERATE_SYMBOLS = YES;
				SWIFT_APPROACHABLE_CONCURRENCY = YES;
				SWIFT_EMIT_LOC_STRINGS = YES;
				SWIFT_UPCOMING_FEATURE_MEMBER_IMPORT_VISIBILITY = YES;
				SWIFT_VERSION = 5.0;
				TARGETED_DEVICE_FAMILY = "1,2";
				VALIDATE_PRODUCT = YES;
			};
			name = Release;
		};
		FB55937D305C12A200560A0F /* Debug */ = {
			isa = XCBuildConfiguration;
			buildSettings = {
				ASSETCATALOG_COMPILER_APPICON_NAME = AppIcon;
				ASSETCATALOG_COMPILER_GLOBAL_ACCENT_COLOR_NAME = AccentColor;
				CODE_SIGN_STYLE = Automatic;
				DEVELOPMENT_TEAM = 4LCWA596X7;
				CURRENT_PROJECT_VERSION = 202609171220;
				GENERATE_INFOPLIST_FILE = YES;
				INFOPLIST_FILE = "iOS (App)/Info.plist";
				INFOPLIST_KEY_CFBundleDisplayName = Sardiya;
				INFOPLIST_KEY_UIApplicationSupportsIndirectInputEvents = YES;
				INFOPLIST_KEY_UILaunchStoryboardName = LaunchScreen;
				INFOPLIST_KEY_UIMainStoryboardFile = Main;
				INFOPLIST_KEY_UISupportedInterfaceOrientations = "UIInterfaceOrientationPortrait UIInterfaceOrientationLandscapeLeft UIInterfaceOrientationLandscapeRight";
				INFOPLIST_KEY_UISupportedInterfaceOrientations_iPad = "UIInterfaceOrientationPortrait UIInterfaceOrientationPortraitUpsideDown UIInterfaceOrientationLandscapeLeft UIInterfaceOrientationLandscapeRight";
				IPHONEOS_DEPLOYMENT_TARGET = 15.0;
				LD_RUNPATH_SEARCH_PATHS = (
					"$(inherited)",
					"@executable_path/Frameworks",
				);
				MARKETING_VERSION = 1.2.0;
				OTHER_LDFLAGS = (
					"-framework",
					SafariServices,
					"-framework",
					WebKit,
				);
				PRODUCT_BUNDLE_IDENTIFIER = com.elmokhtbr.sardiya;
				PRODUCT_NAME = Sardiya;
				SDKROOT = iphoneos;
				STRING_CATALOG_GENERATE_SYMBOLS = YES;
				SWIFT_APPROACHABLE_CONCURRENCY = YES;
				SWIFT_DEFAULT_ACTOR_ISOLATION = MainActor;
				SWIFT_EMIT_LOC_STRINGS = YES;
				SWIFT_UPCOMING_FEATURE_MEMBER_IMPORT_VISIBILITY = YES;
				SWIFT_VERSION = 5.0;
				TARGETED_DEVICE_FAMILY = "1,2";
			};
			name = Debug;
		};
		FB55937E305C12A200560A0F /* Release */ = {
			isa = XCBuildConfiguration;
			buildSettings = {
				ASSETCATALOG_COMPILER_APPICON_NAME = AppIcon;
				ASSETCATALOG_COMPILER_GLOBAL_ACCENT_COLOR_NAME = AccentColor;
				CODE_SIGN_STYLE = Automatic;
				DEVELOPMENT_TEAM = 4LCWA596X7;
				CURRENT_PROJECT_VERSION = 202609171220;
				GENERATE_INFOPLIST_FILE = YES;
				INFOPLIST_FILE = "iOS (App)/Info.plist";
				INFOPLIST_KEY_CFBundleDisplayName = Sardiya;
				INFOPLIST_KEY_UIApplicationSupportsIndirectInputEvents = YES;
				INFOPLIST_KEY_UILaunchStoryboardName = LaunchScreen;
				INFOPLIST_KEY_UIMainStoryboardFile = Main;
				INFOPLIST_KEY_UISupportedInterfaceOrientations = "UIInterfaceOrientationPortrait UIInterfaceOrientationLandscapeLeft UIInterfaceOrientationLandscapeRight";
				INFOPLIST_KEY_UISupportedInterfaceOrientations_iPad = "UIInterfaceOrientationPortrait UIInterfaceOrientationPortraitUpsideDown UIInterfaceOrientationLandscapeLeft UIInterfaceOrientationLandscapeRight";
				IPHONEOS_DEPLOYMENT_TARGET = 15.0;
				LD_RUNPATH_SEARCH_PATHS = (
					"$(inherited)",
					"@executable_path/Frameworks",
				);
				MARKETING_VERSION = 1.2.0;
				OTHER_LDFLAGS = (
					"-framework",
					SafariServices,
					"-framework",
					WebKit,
				);
				PRODUCT_BUNDLE_IDENTIFIER = com.elmokhtbr.sardiya;
				PRODUCT_NAME = Sardiya;
				SDKROOT = iphoneos;
				STRING_CATALOG_GENERATE_SYMBOLS = YES;
				SWIFT_APPROACHABLE_CONCURRENCY = YES;
				SWIFT_DEFAULT_ACTOR_ISOLATION = MainActor;
				SWIFT_EMIT_LOC_STRINGS = YES;
				SWIFT_UPCOMING_FEATURE_MEMBER_IMPORT_VISIBILITY = YES;
				SWIFT_VERSION = 5.0;
				TARGETED_DEVICE_FAMILY = "1,2";
				VALIDATE_PRODUCT = YES;
			};
			name = Release;
		};
		FB559380305C12A200560A0F /* Debug */ = {
			isa = XCBuildConfiguration;
			buildSettings = {
				CODE_SIGN_STYLE = Automatic;
				DEVELOPMENT_TEAM = 4LCWA596X7;
				CURRENT_PROJECT_VERSION = 202609171220;
				ENABLE_APP_SANDBOX = YES;
				ENABLE_HARDENED_RUNTIME = YES;
				ENABLE_USER_SELECTED_FILES = readonly;
				GENERATE_INFOPLIST_FILE = YES;
				INFOPLIST_FILE = "macOS (Extension)/Info.plist";
				INFOPLIST_KEY_CFBundleDisplayName = "Sardiya Extension";
				INFOPLIST_KEY_NSHumanReadableCopyright = "";
				LD_RUNPATH_SEARCH_PATHS = (
					"$(inherited)",
					"@executable_path/../Frameworks",
					"@executable_path/../../../../Frameworks",
				);
				MACOSX_DEPLOYMENT_TARGET = 10.14;
				MARKETING_VERSION = 1.2.0;
				OTHER_LDFLAGS = (
					"-framework",
					SafariServices,
				);
				PRODUCT_BUNDLE_IDENTIFIER = com.elmokhtbr.sardiya.Extension;
				PRODUCT_NAME = "Sardiya Extension";
				SDKROOT = macosx;
				SKIP_INSTALL = YES;
				STRING_CATALOG_GENERATE_SYMBOLS = YES;
				SWIFT_APPROACHABLE_CONCURRENCY = YES;
				SWIFT_EMIT_LOC_STRINGS = YES;
				SWIFT_UPCOMING_FEATURE_MEMBER_IMPORT_VISIBILITY = YES;
				SWIFT_VERSION = 5.0;
			};
			name = Debug;
		};
		FB559381305C12A200560A0F /* Release */ = {
			isa = XCBuildConfiguration;
			buildSettings = {
				CODE_SIGN_STYLE = Automatic;
				DEVELOPMENT_TEAM = 4LCWA596X7;
				CURRENT_PROJECT_VERSION = 202609171220;
				ENABLE_APP_SANDBOX = YES;
				ENABLE_HARDENED_RUNTIME = YES;
				ENABLE_USER_SELECTED_FILES = readonly;
				GENERATE_INFOPLIST_FILE = YES;
				INFOPLIST_FILE = "macOS (Extension)/Info.plist";
				INFOPLIST_KEY_CFBundleDisplayName = "Sardiya Extension";
				INFOPLIST_KEY_NSHumanReadableCopyright = "";
				LD_RUNPATH_SEARCH_PATHS = (
					"$(inherited)",
					"@executable_path/../Frameworks",
					"@executable_path/../../../../Frameworks",
				);
				MACOSX_DEPLOYMENT_TARGET = 10.14;
				MARKETING_VERSION = 1.2.0;
				OTHER_LDFLAGS = (
					"-framework",
					SafariServices,
				);
				PRODUCT_BUNDLE_IDENTIFIER = com.elmokhtbr.sardiya.Extension;
				PRODUCT_NAME = "Sardiya Extension";
				SDKROOT = macosx;
				SKIP_INSTALL = YES;
				STRING_CATALOG_GENERATE_SYMBOLS = YES;
				SWIFT_APPROACHABLE_CONCURRENCY = YES;
				SWIFT_EMIT_LOC_STRINGS = YES;
				SWIFT_UPCOMING_FEATURE_MEMBER_IMPORT_VISIBILITY = YES;
				SWIFT_VERSION = 5.0;
			};
			name = Release;
		};
		FB559384305C12A200560A0F /* Debug */ = {
			isa = XCBuildConfiguration;
			buildSettings = {
				ASSETCATALOG_COMPILER_APPICON_NAME = AppIcon;
				ASSETCATALOG_COMPILER_GLOBAL_ACCENT_COLOR_NAME = AccentColor;
				CODE_SIGN_STYLE = Automatic;
				DEVELOPMENT_TEAM = 4LCWA596X7;
				CURRENT_PROJECT_VERSION = 202609171220;
				ENABLE_APP_SANDBOX = YES;
				ENABLE_HARDENED_RUNTIME = YES;
				ENABLE_OUTGOING_NETWORK_CONNECTIONS = YES;
				ENABLE_USER_SELECTED_FILES = readonly;
				GENERATE_INFOPLIST_FILE = YES;
				INFOPLIST_FILE = "macOS (App)/Info.plist";
				INFOPLIST_KEY_CFBundleDisplayName = Sardiya;
				INFOPLIST_KEY_NSMainStoryboardFile = Main;
				INFOPLIST_KEY_NSPrincipalClass = NSApplication;
				LD_RUNPATH_SEARCH_PATHS = (
					"$(inherited)",
					"@executable_path/../Frameworks",
				);
				MACOSX_DEPLOYMENT_TARGET = 10.14;
				MARKETING_VERSION = 1.2.0;
				OTHER_LDFLAGS = (
					"-framework",
					SafariServices,
					"-framework",
					WebKit,
				);
				PRODUCT_BUNDLE_IDENTIFIER = com.elmokhtbr.sardiya;
				PRODUCT_NAME = Sardiya;
				REGISTER_APP_GROUPS = YES;
				SDKROOT = macosx;
				STRING_CATALOG_GENERATE_SYMBOLS = YES;
				SWIFT_APPROACHABLE_CONCURRENCY = YES;
				SWIFT_DEFAULT_ACTOR_ISOLATION = MainActor;
				SWIFT_EMIT_LOC_STRINGS = YES;
				SWIFT_UPCOMING_FEATURE_MEMBER_IMPORT_VISIBILITY = YES;
				SWIFT_VERSION = 5.0;
			};
			name = Debug;
		};
		FB559385305C12A200560A0F /* Release */ = {
			isa = XCBuildConfiguration;
			buildSettings = {
				ASSETCATALOG_COMPILER_APPICON_NAME = AppIcon;
				ASSETCATALOG_COMPILER_GLOBAL_ACCENT_COLOR_NAME = AccentColor;
				CODE_SIGN_STYLE = Automatic;
				DEVELOPMENT_TEAM = 4LCWA596X7;
				CURRENT_PROJECT_VERSION = 202609171220;
				ENABLE_APP_SANDBOX = YES;
				ENABLE_HARDENED_RUNTIME = YES;
				ENABLE_OUTGOING_NETWORK_CONNECTIONS = YES;
				ENABLE_USER_SELECTED_FILES = readonly;
				GENERATE_INFOPLIST_FILE = YES;
				INFOPLIST_FILE = "macOS (App)/Info.plist";
				INFOPLIST_KEY_CFBundleDisplayName = Sardiya;
				INFOPLIST_KEY_NSMainStoryboardFile = Main;
				INFOPLIST_KEY_NSPrincipalClass = NSApplication;
				LD_RUNPATH_SEARCH_PATHS = (
					"$(inherited)",
					"@executable_path/../Frameworks",
				);
				MACOSX_DEPLOYMENT_TARGET = 10.14;
				MARKETING_VERSION = 1.2.0;
				OTHER_LDFLAGS = (
					"-framework",
					SafariServices,
					"-framework",
					WebKit,
				);
				PRODUCT_BUNDLE_IDENTIFIER = com.elmokhtbr.sardiya;
				PRODUCT_NAME = Sardiya;
				REGISTER_APP_GROUPS = YES;
				SDKROOT = macosx;
				STRING_CATALOG_GENERATE_SYMBOLS = YES;
				SWIFT_APPROACHABLE_CONCURRENCY = YES;
				SWIFT_DEFAULT_ACTOR_ISOLATION = MainActor;
				SWIFT_EMIT_LOC_STRINGS = YES;
				SWIFT_UPCOMING_FEATURE_MEMBER_IMPORT_VISIBILITY = YES;
				SWIFT_VERSION = 5.0;
			};
			name = Release;
		};
/* End XCBuildConfiguration section */

/* Begin XCConfigurationList section */
		FB559330305C12A100560A0F /* Build configuration list for PBXProject "Sardiya" */ = {
			isa = XCConfigurationList;
			buildConfigurations = (
				FB559376305C12A200560A0F /* Debug */,
				FB559377305C12A200560A0F /* Release */,
			);
			defaultConfigurationIsVisible = 0;
			defaultConfigurationName = Release;
		};
		FB559378305C12A200560A0F /* Build configuration list for PBXNativeTarget "Sardiya Extension (iOS)" */ = {
			isa = XCConfigurationList;
			buildConfigurations = (
				FB559379305C12A200560A0F /* Debug */,
				FB55937A305C12A200560A0F /* Release */,
			);
			defaultConfigurationIsVisible = 0;
			defaultConfigurationName = Release;
		};
		FB55937C305C12A200560A0F /* Build configuration list for PBXNativeTarget "Sardiya (iOS)" */ = {
			isa = XCConfigurationList;
			buildConfigurations = (
				FB55937D305C12A200560A0F /* Debug */,
				FB55937E305C12A200560A0F /* Release */,
			);
			defaultConfigurationIsVisible = 0;
			defaultConfigurationName = Release;
		};
		FB55937F305C12A200560A0F /* Build configuration list for PBXNativeTarget "Sardiya Extension (macOS)" */ = {
			isa = XCConfigurationList;
			buildConfigurations = (
				FB559380305C12A200560A0F /* Debug */,
				FB559381305C12A200560A0F /* Release */,
			);
			defaultConfigurationIsVisible = 0;
			defaultConfigurationName = Release;
		};
		FB559383305C12A200560A0F /* Build configuration list for PBXNativeTarget "Sardiya (macOS)" */ = {
			isa = XCConfigurationList;
			buildConfigurations = (
				FB559384305C12A200560A0F /* Debug */,
				FB559385305C12A200560A0F /* Release */,
			);
			defaultConfigurationIsVisible = 0;
			defaultConfigurationName = Release;
		};
/* End XCConfigurationList section */
	};
	rootObject = FB55932D305C12A100560A0F /* Project object */;
}
